PODS:
  - event_tool (0.0.1):
    - Flutter
  - Flutter (1.0.0)

DEPENDENCIES:
  - event_tool (from `.symlinks/plugins/event_tool/ios`)
  - Flutter (from `Flutter`)

EXTERNAL SOURCES:
  event_tool:
    :path: ".symlinks/plugins/event_tool/ios"
  Flutter:
    :path: Flutter

SPEC CHECKSUMS:
  event_tool: 71570f6fc10f387bb6d4d4bf1ae2d916ada7437c
  Flutter: 0e3d915762c693b495b44d77113d4970485de6ec

PODFILE CHECKSUM: 1b66dae606f75376c5f2135a8290850eeb09ae83

COCOAPODS: 1.8.4
